// !$*UTF8*$!
{
	archiveVersion = 1;
	classes = {
	};
	objectVersion = 50;
	objects = {

/* Begin PBXBuildFile section */
		258468C123C1A74400BDB695 /* UIBaseVC.swift in Sources */ = {isa = PBXBuildFile; fileRef = 258468C023C1A74400BDB695 /* UIBaseVC.swift */; };
		768CEE6723BFD7EA004F9B65 /* CompaniesAndMembersResponse.swift in Sources */ = {isa = PBXBuildFile; fileRef = 768CEE6623BFD7EA004F9B65 /* CompaniesAndMembersResponse.swift */; };
		76AD907C23BA780C00AFFB02 /* AppDelegate.swift in Sources */ = {isa = PBXBuildFile; fileRef = 76AD907B23BA780C00AFFB02 /* AppDelegate.swift */; };
		76AD907E23BA780C00AFFB02 /* ViewController.swift in Sources */ = {isa = PBXBuildFile; fileRef = 76AD907D23BA780C00AFFB02 /* ViewController.swift */; };
		76AD908123BA780C00AFFB02 /* Main.storyboard in Resources */ = {isa = PBXBuildFile; fileRef = 76AD907F23BA780C00AFFB02 /* Main.storyboard */; };
		76AD908323BA780F00AFFB02 /* Assets.xcassets in Resources */ = {isa = PBXBuildFile; fileRef = 76AD908223BA780F00AFFB02 /* Assets.xcassets */; };
		76AD908623BA780F00AFFB02 /* LaunchScreen.storyboard in Resources */ = {isa = PBXBuildFile; fileRef = 76AD908423BA780F00AFFB02 /* LaunchScreen.storyboard */; };
		76AD909623BA7F4100AFFB02 /* Constants.swift in Sources */ = {isa = PBXBuildFile; fileRef = 76AD908E23BA7F4000AFFB02 /* Constants.swift */; };
		76AD909723BA7F4100AFFB02 /* APIHelper.swift in Sources */ = {isa = PBXBuildFile; fileRef = 76AD908F23BA7F4000AFFB02 /* APIHelper.swift */; };
		76AD909823BA7F4100AFFB02 /* ApiManager.swift in Sources */ = {isa = PBXBuildFile; fileRef = 76AD909023BA7F4000AFFB02 /* ApiManager.swift */; };
		76AD909923BA7F4100AFFB02 /* String+JSONConvert.swift in Sources */ = {isa = PBXBuildFile; fileRef = 76AD909123BA7F4000AFFB02 /* String+JSONConvert.swift */; };
		76AD909A23BA7F4100AFFB02 /* UIColor+Extension.swift in Sources */ = {isa = PBXBuildFile; fileRef = 76AD909323BA7F4100AFFB02 /* UIColor+Extension.swift */; };
		76AD909B23BA7F4100AFFB02 /* UIView+Extension.swift in Sources */ = {isa = PBXBuildFile; fileRef = 76AD909423BA7F4100AFFB02 /* UIView+Extension.swift */; };
		76AD909C23BA7F4100AFFB02 /* UIStoryboard+Extension.swift in Sources */ = {isa = PBXBuildFile; fileRef = 76AD909523BA7F4100AFFB02 /* UIStoryboard+Extension.swift */; };
		76AD909E23BA8F2C00AFFB02 /* CompaniesCell.swift in Sources */ = {isa = PBXBuildFile; fileRef = 76AD909D23BA8F2C00AFFB02 /* CompaniesCell.swift */; };
		76AD90A123BA920B00AFFB02 /* CustomLoader.swift in Sources */ = {isa = PBXBuildFile; fileRef = 76AD90A023BA920B00AFFB02 /* CustomLoader.swift */; };
		76AD90A323BA928700AFFB02 /* SpectrumImage.png in Resources */ = {isa = PBXBuildFile; fileRef = 76AD90A223BA928700AFFB02 /* SpectrumImage.png */; };
		76AD90A523BA945D00AFFB02 /* EmployessViewController.swift in Sources */ = {isa = PBXBuildFile; fileRef = 76AD90A423BA945D00AFFB02 /* EmployessViewController.swift */; };
		76AD90A723BA955A00AFFB02 /* EmployessCell.swift in Sources */ = {isa = PBXBuildFile; fileRef = 76AD90A623BA955A00AFFB02 /* EmployessCell.swift */; };
		CD209A9FB7BEEAEEEF364564 /* Pods_SPECTRUM.framework in Frameworks */ = {isa = PBXBuildFile; fileRef = 520115EF3E7DB7707E8EFC04 /* Pods_SPECTRUM.framework */; };
/* End PBXBuildFile section */

/* Begin PBXFileReference section */
		13470FF9654583B649384211 /* Pods-SPECTRUM.release.xcconfig */ = {isa = PBXFileReference; includeInIndex = 1; lastKnownFileType = text.xcconfig; name = "Pods-SPECTRUM.release.xcconfig"; path = "Pods/Target Support Files/Pods-SPECTRUM/Pods-SPECTRUM.release.xcconfig"; sourceTree = "<group>"; };
		258468C023C1A74400BDB695 /* UIBaseVC.swift */ = {isa = PBXFileReference; lastKnownFileType = sourcecode.swift; path = UIBaseVC.swift; sourceTree = "<group>"; };
		520115EF3E7DB7707E8EFC04 /* Pods_SPECTRUM.framework */ = {isa = PBXFileReference; explicitFileType = wrapper.framework; includeInIndex = 0; path = Pods_SPECTRUM.framework; sourceTree = BUILT_PRODUCTS_DIR; };
		768CEE6623BFD7EA004F9B65 /* CompaniesAndMembersResponse.swift */ = {isa = PBXFileReference; lastKnownFileType = sourcecode.swift; path = CompaniesAndMembersResponse.swift; sourceTree = "<group>"; };
		76AD907823BA780C00AFFB02 /* SPECTRUM.app */ = {isa = PBXFileReference; explicitFileType = wrapper.application; includeInIndex = 0; path = SPECTRUM.app; sourceTree = BUILT_PRODUCTS_DIR; };
		76AD907B23BA780C00AFFB02 /* AppDelegate.swift */ = {isa = PBXFileReference; lastKnownFileType = sourcecode.swift; path = AppDelegate.swift; sourceTree = "<group>"; };
		76AD907D23BA780C00AFFB02 /* ViewController.swift */ = {isa = PBXFileReference; lastKnownFileType = sourcecode.swift; path = ViewController.swift; sourceTree = "<group>"; };
		76AD908023BA780C00AFFB02 /* Base */ = {isa = PBXFileReference; lastKnownFileType = file.storyboard; name = Base; path = Base.lproj/Main.storyboard; sourceTree = "<group>"; };
		76AD908223BA780F00AFFB02 /* Assets.xcassets */ = {isa = PBXFileReference; lastKnownFileType = folder.assetcatalog; path = Assets.xcassets; sourceTree = "<group>"; };
		76AD908523BA780F00AFFB02 /* Base */ = {isa = PBXFileReference; lastKnownFileType = file.storyboard; name = Base; path = Base.lproj/LaunchScreen.storyboard; sourceTree = "<group>"; };
		76AD908723BA780F00AFFB02 /* Info.plist */ = {isa = PBXFileReference; lastKnownFileType = text.plist.xml; path = Info.plist; sourceTree = "<group>"; };
		76AD908E23BA7F4000AFFB02 /* Constants.swift */ = {isa = PBXFileReference; fileEncoding = 4; lastKnownFileType = sourcecode.swift; path = Constants.swift; sourceTree = "<group>"; };
		76AD908F23BA7F4000AFFB02 /* APIHelper.swift */ = {isa = PBXFileReference; fileEncoding = 4; lastKnownFileType = sourcecode.swift; path = APIHelper.swift; sourceTree = "<group>"; };
		76AD909023BA7F4000AFFB02 /* ApiManager.swift */ = {isa = PBXFileReference; fileEncoding = 4; lastKnownFileType = sourcecode.swift; path = ApiManager.swift; sourceTree = "<group>"; };
		76AD909123BA7F4000AFFB02 /* String+JSONConvert.swift */ = {isa = PBXFileReference; fileEncoding = 4; lastKnownFileType = sourcecode.swift; path = "String+JSONConvert.swift"; sourceTree = "<group>"; };
		76AD909323BA7F4100AFFB02 /* UIColor+Extension.swift */ = {isa = PBXFileReference; fileEncoding = 4; lastKnownFileType = sourcecode.swift; path = "UIColor+Extension.swift"; sourceTree = "<group>"; };
		76AD909423BA7F4100AFFB02 /* UIView+Extension.swift */ = {isa = PBXFileReference; fileEncoding = 4; lastKnownFileType = sourcecode.swift; path = "UIView+Extension.swift"; sourceTree = "<group>"; };
		76AD909523BA7F4100AFFB02 /* UIStoryboard+Extension.swift */ = {isa = PBXFileReference; fileEncoding = 4; lastKnownFileType = sourcecode.swift; path = "UIStoryboard+Extension.swift"; sourceTree = "<group>"; };
		76AD909D23BA8F2C00AFFB02 /* CompaniesCell.swift */ = {isa = PBXFileReference; lastKnownFileType = sourcecode.swift; path = CompaniesCell.swift; sourceTree = "<group>"; };
		76AD90A023BA920B00AFFB02 /* CustomLoader.swift */ = {isa = PBXFileReference; fileEncoding = 4; lastKnownFileType = sourcecode.swift; path = CustomLoader.swift; sourceTree = "<group>"; };
		76AD90A223BA928700AFFB02 /* SpectrumImage.png */ = {isa = PBXFileReference; lastKnownFileType = image.png; path = SpectrumImage.png; sourceTree = "<group>"; };
		76AD90A423BA945D00AFFB02 /* EmployessViewController.swift */ = {isa = PBXFileReference; lastKnownFileType = sourcecode.swift; path = EmployessViewController.swift; sourceTree = "<group>"; };
		76AD90A623BA955A00AFFB02 /* EmployessCell.swift */ = {isa = PBXFileReference; lastKnownFileType = sourcecode.swift; path = EmployessCell.swift; sourceTree = "<group>"; };
		88125107D66A44340DFA6C17 /* Pods-SPECTRUM.debug.xcconfig */ = {isa = PBXFileReference; includeInIndex = 1; lastKnownFileType = text.xcconfig; name = "Pods-SPECTRUM.debug.xcconfig"; path = "Pods/Target Support Files/Pods-SPECTRUM/Pods-SPECTRUM.debug.xcconfig"; sourceTree = "<group>"; };
/* End PBXFileReference section */

/* Begin PBXFrameworksBuildPhase section */
		76AD907523BA780C00AFFB02 /* Frameworks */ = {
			isa = PBXFrameworksBuildPhase;
			buildActionMask = 2147483647;
			files = (
				CD209A9FB7BEEAEEEF364564 /* Pods_SPECTRUM.framework in Frameworks */,
			);
			runOnlyForDeploymentPostprocessing = 0;
		};
/* End PBXFrameworksBuildPhase section */

/* Begin PBXGroup section */
		768CEE6523BFD7D0004F9B65 /* Models */ = {
			isa = PBXGroup;
			children = (
				768CEE6623BFD7EA004F9B65 /* CompaniesAndMembersResponse.swift */,
			);
			path = Models;
			sourceTree = "<group>";
		};
		76AD906F23BA780C00AFFB02 = {
			isa = PBXGroup;
			children = (
				76AD907A23BA780C00AFFB02 /* SPECTRUM */,
				76AD907923BA780C00AFFB02 /* Products */,
				986D33CC18270C9CB63305D9 /* Pods */,
				F09CFA888E6FE8ACDEF8D198 /* Frameworks */,
			);
			sourceTree = "<group>";
		};
		76AD907923BA780C00AFFB02 /* Products */ = {
			isa = PBXGroup;
			children = (
				76AD907823BA780C00AFFB02 /* SPECTRUM.app */,
			);
			name = Products;
			sourceTree = "<group>";
		};
		76AD907A23BA780C00AFFB02 /* SPECTRUM */ = {
			isa = PBXGroup;
			children = (
				768CEE6523BFD7D0004F9B65 /* Models */,
				76AD909F23BA920B00AFFB02 /* Loader */,
				76AD908D23BA7F4000AFFB02 /* APIHelperClasses */,
				76AD909223BA7F4100AFFB02 /* Extensions */,
				76AD907B23BA780C00AFFB02 /* AppDelegate.swift */,
				76AD90A423BA945D00AFFB02 /* EmployessViewController.swift */,
				76AD90A223BA928700AFFB02 /* SpectrumImage.png */,
				76AD907D23BA780C00AFFB02 /* ViewController.swift */,
				76AD907F23BA780C00AFFB02 /* Main.storyboard */,
				76AD908223BA780F00AFFB02 /* Assets.xcassets */,
				76AD908423BA780F00AFFB02 /* LaunchScreen.storyboard */,
				76AD908723BA780F00AFFB02 /* Info.plist */,
				76AD90A623BA955A00AFFB02 /* EmployessCell.swift */,
				76AD909D23BA8F2C00AFFB02 /* CompaniesCell.swift */,
				258468C023C1A74400BDB695 /* UIBaseVC.swift */,
			);
			path = SPECTRUM;
			sourceTree = "<group>";
		};
		76AD908D23BA7F4000AFFB02 /* APIHelperClasses */ = {
			isa = PBXGroup;
			children = (
				76AD908E23BA7F4000AFFB02 /* Constants.swift */,
				76AD908F23BA7F4000AFFB02 /* APIHelper.swift */,
				76AD909023BA7F4000AFFB02 /* ApiManager.swift */,
				76AD909123BA7F4000AFFB02 /* String+JSONConvert.swift */,
			);
			path = APIHelperClasses;
			sourceTree = "<group>";
		};
		76AD909223BA7F4100AFFB02 /* Extensions */ = {
			isa = PBXGroup;
			children = (
				76AD909323BA7F4100AFFB02 /* UIColor+Extension.swift */,
				76AD909423BA7F4100AFFB02 /* UIView+Extension.swift */,
				76AD909523BA7F4100AFFB02 /* UIStoryboard+Extension.swift */,
			);
			path = Extensions;
			sourceTree = "<group>";
		};
		76AD909F23BA920B00AFFB02 /* Loader */ = {
			isa = PBXGroup;
			children = (
				76AD90A023BA920B00AFFB02 /* CustomLoader.swift */,
			);
			path = Loader;
			sourceTree = "<group>";
		};
		986D33CC18270C9CB63305D9 /* Pods */ = {
			isa = PBXGroup;
			children = (
				88125107D66A44340DFA6C17 /* Pods-SPECTRUM.debug.xcconfig */,
				13470FF9654583B649384211 /* Pods-SPECTRUM.release.xcconfig */,
			);
			name = Pods;
			sourceTree = "<group>";
		};
		F09CFA888E6FE8ACDEF8D198 /* Frameworks */ = {
			isa = PBXGroup;
			children = (
				520115EF3E7DB7707E8EFC04 /* Pods_SPECTRUM.framework */,
			);
			name = Frameworks;
			sourceTree = "<group>";
		};
/* End PBXGroup section */

/* Begin PBXNativeTarget section */
		76AD907723BA780C00AFFB02 /* SPECTRUM */ = {
			isa = PBXNativeTarget;
			buildConfigurationList = 76AD908A23BA780F00AFFB02 /* Build configuration list for PBXNativeTarget "SPECTRUM" */;
			buildPhases = (
				5D40B2F184BFA1C00AA653DE /* [CP] Check Pods Manifest.lock */,
				76AD907423BA780C00AFFB02 /* Sources */,
				76AD907523BA780C00AFFB02 /* Frameworks */,
				76AD907623BA780C00AFFB02 /* Resources */,
				AE9C9DC036EBB02388E909CE /* [CP] Embed Pods Frameworks */,
			);
			buildRules = (
			);
			dependencies = (
			);
			name = SPECTRUM;
			productName = SPECTRUM;
			productReference = 76AD907823BA780C00AFFB02 /* SPECTRUM.app */;
			productType = "com.apple.product-type.application";
		};
/* End PBXNativeTarget section */

/* Begin PBXProject section */
		76AD907023BA780C00AFFB02 /* Project object */ = {
			isa = PBXProject;
			attributes = {
				LastSwiftUpdateCheck = 1020;
				LastUpgradeCheck = 1020;
				ORGANIZATIONNAME = "Sandeep Malhotra";
				TargetAttributes = {
					76AD907723BA780C00AFFB02 = {
						CreatedOnToolsVersion = 10.2;
					};
				};
			};
			buildConfigurationList = 76AD907323BA780C00AFFB02 /* Build configuration list for PBXProject "SPECTRUM" */;
			compatibilityVersion = "Xcode 9.3";
			developmentRegion = en;
			hasScannedForEncodings = 0;
			knownRegions = (
				en,
				Base,
			);
			mainGroup = 76AD906F23BA780C00AFFB02;
			productRefGroup = 76AD907923BA780C00AFFB02 /* Products */;
			projectDirPath = "";
			projectRoot = "";
			targets = (
				76AD907723BA780C00AFFB02 /* SPECTRUM */,
			);
		};
/* End PBXProject section */

/* Begin PBXResourcesBuildPhase section */
		76AD907623BA780C00AFFB02 /* Resources */ = {
			isa = PBXResourcesBuildPhase;
			buildActionMask = 2147483647;
			files = (
				76AD908623BA780F00AFFB02 /* LaunchScreen.storyboard in Resources */,
				76AD908323BA780F00AFFB02 /* Assets.xcassets in Resources */,
				76AD90A323BA928700AFFB02 /* SpectrumImage.png in Resources */,
				76AD908123BA780C00AFFB02 /* Main.storyboard in Resources */,
			);
			runOnlyForDeploymentPostprocessing = 0;
		};
/* End PBXResourcesBuildPhase section */

/* Begin PBXShellScriptBuildPhase section */
		5D40B2F184BFA1C00AA653DE /* [CP] Check Pods Manifest.lock */ = {
			isa = PBXShellScriptBuildPhase;
			buildActionMask = 2147483647;
			files = (
			);
			inputPaths = (
				"${PODS_PODFILE_DIR_PATH}/Podfile.lock",
				"${PODS_ROOT}/Manifest.lock",
			);
			name = "[CP] Check Pods Manifest.lock";
			outputPaths = (
				"$(DERIVED_FILE_DIR)/Pods-SPECTRUM-checkManifestLockResult.txt",
			);
			runOnlyForDeploymentPostprocessing = 0;
			shellPath = /bin/sh;
			shellScript = "diff \"${PODS_PODFILE_DIR_PATH}/Podfile.lock\" \"${PODS_ROOT}/Manifest.lock\" > /dev/null\nif [ $? != 0 ] ; then\n    # print error to STDERR\n    echo \"error: The sandbox is not in sync with the Podfile.lock. Run 'pod install' or update your CocoaPods installation.\" >&2\n    exit 1\nfi\n# This output is used by Xcode 'outputs' to avoid re-running this script phase.\necho \"SUCCESS\" > \"${SCRIPT_OUTPUT_FILE_0}\"\n";
			showEnvVarsInLog = 0;
		};
		AE9C9DC036EBB02388E909CE /* [CP] Embed Pods Frameworks */ = {
			isa = PBXShellScriptBuildPhase;
			buildActionMask = 2147483647;
			files = (
			);
			inputPaths = (
				"${SRCROOT}/Pods/Target Support Files/Pods-SPECTRUM/Pods-SPECTRUM-frameworks.sh",
				"${BUILT_PRODUCTS_DIR}/MDFInternationalization/MDFInternationalization.framework",
				"${BUILT_PRODUCTS_DIR}/MaterialComponents/MaterialComponents.framework",
				"${BUILT_PRODUCTS_DIR}/MotionAnimator/MotionAnimator.framework",
				"${BUILT_PRODUCTS_DIR}/MotionInterchange/MotionInterchange.framework",
				"${BUILT_PRODUCTS_DIR}/SDWebImage/SDWebImage.framework",
			);
			name = "[CP] Embed Pods Frameworks";
			outputPaths = (
				"${TARGET_BUILD_DIR}/${FRAMEWORKS_FOLDER_PATH}/MDFInternationalization.framework",
				"${TARGET_BUILD_DIR}/${FRAMEWORKS_FOLDER_PATH}/MaterialComponents.framework",
				"${TARGET_BUILD_DIR}/${FRAMEWORKS_FOLDER_PATH}/MotionAnimator.framework",
				"${TARGET_BUILD_DIR}/${FRAMEWORKS_FOLDER_PATH}/MotionInterchange.framework",
				"${TARGET_BUILD_DIR}/${FRAMEWORKS_FOLDER_PATH}/SDWebImage.framework",
			);
			runOnlyForDeploymentPostprocessing = 0;
			shellPath = /bin/sh;
			shellScript = "\"${SRCROOT}/Pods/Target Support Files/Pods-SPECTRUM/Pods-SPECTRUM-frameworks.sh\"\n";
			showEnvVarsInLog = 0;
		};
/* End PBXShellScriptBuildPhase section */

/* Begin PBXSourcesBuildPhase section */
		76AD907423BA780C00AFFB02 /* Sources */ = {
			isa = PBXSourcesBuildPhase;
			buildActionMask = 2147483647;
			files = (
				76AD90A723BA955A00AFFB02 /* EmployessCell.swift in Sources */,
				76AD909A23BA7F4100AFFB02 /* UIColor+Extension.swift in Sources */,
				76AD909723BA7F4100AFFB02 /* APIHelper.swift in Sources */,
				258468C123C1A74400BDB695 /* UIBaseVC.swift in Sources */,
				76AD909B23BA7F4100AFFB02 /* UIView+Extension.swift in Sources */,
				76AD90A123BA920B00AFFB02 /* CustomLoader.swift in Sources */,
				76AD90A523BA945D00AFFB02 /* EmployessViewController.swift in Sources */,
				768CEE6723BFD7EA004F9B65 /* CompaniesAndMembersResponse.swift in Sources */,
				76AD907E23BA780C00AFFB02 /* ViewController.swift in Sources */,
				76AD909823BA7F4100AFFB02 /* ApiManager.swift in Sources */,
				76AD909E23BA8F2C00AFFB02 /* CompaniesCell.swift in Sources */,
				76AD907C23BA780C00AFFB02 /* AppDelegate.swift in Sources */,
				76AD909923BA7F4100AFFB02 /* String+JSONConvert.swift in Sources */,
				76AD909623BA7F4100AFFB02 /* Constants.swift in Sources */,
				76AD909C23BA7F4100AFFB02 /* UIStoryboard+Extension.swift in Sources */,
			);
			runOnlyForDeploymentPostprocessing = 0;
		};
/* End PBXSourcesBuildPhase section */

/* Begin PBXVariantGroup section */
		76AD907F23BA780C00AFFB02 /* Main.storyboard */ = {
			isa = PBXVariantGroup;
			children = (
				76AD908023BA780C00AFFB02 /* Base */,
			);
			name = Main.storyboard;
			sourceTree = "<group>";
		};
		76AD908423BA780F00AFFB02 /* LaunchScreen.storyboard */ = {
			isa = PBXVariantGroup;
			children = (
				76AD908523BA780F00AFFB02 /* Base */,
			);
			name = LaunchScreen.storyboard;
			sourceTree = "<group>";
		};
/* End PBXVariantGroup section */

/* Begin XCBuildConfiguration section */
		76AD908823BA780F00AFFB02 /* Debug */ = {
			isa = XCBuildConfiguration;
			buildSettings = {
				ALWAYS_SEARCH_USER_PATHS = NO;
				CLANG_ANALYZER_NONNULL = YES;
				CLANG_ANALYZER_NUMBER_OBJECT_CONVERSION = YES_AGGRESSIVE;
				CLANG_CXX_LANGUAGE_STANDARD = "gnu++14";
				CLANG_CXX_LIBRARY = "libc++";
				CLANG_ENABLE_MODULES = YES;
				CLANG_ENABLE_OBJC_ARC = YES;
				CLANG_ENABLE_OBJC_WEAK = YES;
				CLANG_WARN_BLOCK_CAPTURE_AUTORELEASING = YES;
				CLANG_WARN_BOOL_CONVERSION = YES;
				CLANG_WARN_COMMA = YES;
				CLANG_WARN_CONSTANT_CONVERSION = YES;
				CLANG_WARN_DEPRECATED_OBJC_IMPLEMENTATIONS = YES;
				CLANG_WARN_DIRECT_OBJC_ISA_USAGE = YES_ERROR;
				CLANG_WARN_DOCUMENTATION_COMMENTS = YES;
				CLANG_WARN_EMPTY_BODY = YES;
				CLANG_WARN_ENUM_CONVERSION = YES;
				CLANG_WARN_INFINITE_RECURSION = YES;
				CLANG_WARN_INT_CONVERSION = YES;
				CLANG_WARN_NON_LITERAL_NULL_CONVERSION = YES;
				CLANG_WARN_OBJC_IMPLICIT_RETAIN_SELF = YES;
				CLANG_WARN_OBJC_LITERAL_CONVERSION = YES;
				CLANG_WARN_OBJC_ROOT_CLASS = YES_ERROR;
				CLANG_WARN_RANGE_LOOP_ANALYSIS = YES;
				CLANG_WARN_STRICT_PROTOTYPES = YES;
				CLANG_WARN_SUSPICIOUS_MOVE = YES;
				CLANG_WARN_UNGUARDED_AVAILABILITY = YES_AGGRESSIVE;
				CLANG_WARN_UNREACHABLE_CODE = YES;
				CLANG_WARN__DUPLICATE_METHOD_MATCH = YES;
				CODE_SIGN_IDENTITY = "iPhone Developer";
				COPY_PHASE_STRIP = NO;
				DEBUG_INFORMATION_FORMAT = dwarf;
				ENABLE_STRICT_OBJC_MSGSEND = YES;
				ENABLE_TESTABILITY = YES;
				GCC_C_LANGUAGE_STANDARD = gnu11;
				GCC_DYNAMIC_NO_PIC = NO;
				GCC_NO_COMMON_BLOCKS = YES;
				GCC_OPTIMIZATION_LEVEL = 0;
				GCC_PREPROCESSOR_DEFINITIONS = (
					"DEBUG=1",
					"$(inherited)",
				);
				GCC_WARN_64_TO_32_BIT_CONVERSION = YES;
				GCC_WARN_ABOUT_RETURN_TYPE = YES_ERROR;
				GCC_WARN_UNDECLARED_SELECTOR = YES;
				GCC_WARN_UNINITIALIZED_AUTOS = YES_AGGRESSIVE;
				GCC_WARN_UNUSED_FUNCTION = YES;
				GCC_WARN_UNUSED_VARIABLE = YES;
				IPHONEOS_DEPLOYMENT_TARGET = 12.2;
				MTL_ENABLE_DEBUG_INFO = INCLUDE_SOURCE;
				MTL_FAST_MATH = YES;
				ONLY_ACTIVE_ARCH = YES;
				SDKROOT = iphoneos;
				SWIFT_ACTIVE_COMPILATION_CONDITIONS = DEBUG;
				SWIFT_OPTIMIZATION_LEVEL = "-Onone";
			};
			name = Debug;
		};
		76AD908923BA780F00AFFB02 /* Release */ = {
			isa = XCBuildConfiguration;
			buildSettings = {
				ALWAYS_SEARCH_USER_PATHS = NO;
				CLANG_ANALYZER_NONNULL = YES;
				CLANG_ANALYZER_NUMBER_OBJECT_CONVERSION = YES_AGGRESSIVE;
				CLANG_CXX_LANGUAGE_STANDARD = "gnu++14";
				CLANG_CXX_LIBRARY = "libc++";
				CLANG_ENABLE_MODULES = YES;
				CLANG_ENABLE_OBJC_ARC = YES;
				CLANG_ENABLE_OBJC_WEAK = YES;
				CLANG_WARN_BLOCK_CAPTURE_AUTORELEASING = YES;
				CLANG_WARN_BOOL_CONVERSION = YES;
				CLANG_WARN_COMMA = YES;
				CLANG_WARN_CONSTANT_CONVERSION = YES;
				CLANG_WARN_DEPRECATED_OBJC_IMPLEMENTATIONS = YES;
				CLANG_WARN_DIRECT_OBJC_ISA_USAGE = YES_ERROR;
				CLANG_WARN_DOCUMENTATION_COMMENTS = YES;
				CLANG_WARN_EMPTY_BODY = YES;
				CLANG_WARN_ENUM_CONVERSION = YES;
				CLANG_WARN_INFINITE_RECURSION = YES;
				CLANG_WARN_INT_CONVERSION = YES;
				CLANG_WARN_NON_LITERAL_NULL_CONVERSION = YES;
				CLANG_WARN_OBJC_IMPLICIT_RETAIN_SELF = YES;
				CLANG_WARN_OBJC_LITERAL_CONVERSION = YES;
				CLANG_WARN_OBJC_ROOT_CLASS = YES_ERROR;
				CLANG_WARN_RANGE_LOOP_ANALYSIS = YES;
				CLANG_WARN_STRICT_PROTOTYPES = YES;
				CLANG_WARN_SUSPICIOUS_MOVE = YES;
				CLANG_WARN_UNGUARDED_AVAILABILITY = YES_AGGRESSIVE;
				CLANG_WARN_UNREACHABLE_CODE = YES;
				CLANG_WARN__DUPLICATE_METHOD_MATCH = YES;
				CODE_SIGN_IDENTITY = "iPhone Developer";
				COPY_PHASE_STRIP = NO;
				DEBUG_INFORMATION_FORMAT = "dwarf-with-dsym";
				ENABLE_NS_ASSERTIONS = NO;
				ENABLE_STRICT_OBJC_MSGSEND = YES;
				GCC_C_LANGUAGE_STANDARD = gnu11;
				GCC_NO_COMMON_BLOCKS = YES;
				GCC_WARN_64_TO_32_BIT_CONVERSION = YES;
				GCC_WARN_ABOUT_RETURN_TYPE = YES_ERROR;
				GCC_WARN_UNDECLARED_SELECTOR = YES;
				GCC_WARN_UNINITIALIZED_AUTOS = YES_AGGRESSIVE;
				GCC_WARN_UNUSED_FUNCTION = YES;
				GCC_WARN_UNUSED_VARIABLE = YES;
				IPHONEOS_DEPLOYMENT_TARGET = 12.2;
				MTL_ENABLE_DEBUG_INFO = NO;
				MTL_FAST_MATH = YES;
				SDKROOT = iphoneos;
				SWIFT_COMPILATION_MODE = wholemodule;
				SWIFT_OPTIMIZATION_LEVEL = "-O";
				VALIDATE_PRODUCT = YES;
			};
			name = Release;
		};
		76AD908B23BA780F00AFFB02 /* Debug */ = {
			isa = XCBuildConfiguration;
			baseConfigurationReference = 88125107D66A44340DFA6C17 /* Pods-SPECTRUM.debug.xcconfig */;
			buildSettings = {
				ASSETCATALOG_COMPILER_APPICON_NAME = AppIcon;
				CODE_SIGN_STYLE = Automatic;
				INFOPLIST_FILE = SPECTRUM/Info.plist;
				LD_RUNPATH_SEARCH_PATHS = (
					"$(inherited)",
					"@executable_path/Frameworks",
				);
				PRODUCT_BUNDLE_IDENTIFIER = com.test.test.SPECTRUM;
				PRODUCT_NAME = "$(TARGET_NAME)";
				SWIFT_VERSION = 5.0;
				TARGETED_DEVICE_FAMILY = "1,2";
			};
			name = Debug;
		};
		76AD908C23BA780F00AFFB02 /* Release */ = {
			isa = XCBuildConfiguration;
			baseConfigurationReference = 13470FF9654583B649384211 /* Pods-SPECTRUM.release.xcconfig */;
			buildSettings = {
				ASSETCATALOG_COMPILER_APPICON_NAME = AppIcon;
				CODE_SIGN_STYLE = Automatic;
				INFOPLIST_FILE = SPECTRUM/Info.plist;
				LD_RUNPATH_SEARCH_PATHS = (
					"$(inherited)",
					"@executable_path/Frameworks",
				);
				PRODUCT_BUNDLE_IDENTIFIER = com.test.test.SPECTRUM;
				PRODUCT_NAME = "$(TARGET_NAME)";
				SWIFT_VERSION = 5.0;
				TARGETED_DEVICE_FAMILY = "1,2";
			};
			name = Release;
		};
/* End XCBuildConfiguration section */

/* Begin XCConfigurationList section */
		76AD907323BA780C00AFFB02 /* Build configuration list for PBXProject "SPECTRUM" */ = {
			isa = XCConfigurationList;
			buildConfigurations = (
				76AD908823BA780F00AFFB02 /* Debug */,
				76AD908923BA780F00AFFB02 /* Release */,
			);
			defaultConfigurationIsVisible = 0;
			defaultConfigurationName = Release;
		};
		76AD908A23BA780F00AFFB02 /* Build configuration list for PBXNativeTarget "SPECTRUM" */ = {
			isa = XCConfigurationList;
			buildConfigurations = (
				76AD908B23BA780F00AFFB02 /* Debug */,
				76AD908C23BA780F00AFFB02 /* Release */,
			);
			defaultConfigurationIsVisible = 0;
			defaultConfigurationName = Release;
		};
/* End XCConfigurationList section */
	};
	rootObject = 76AD907023BA780C00AFFB02 /* Project object */;
}
